// !$*UTF8*$!
{
	archiveVersion = 1;
	classes = {
	};
	objectVersion = 48;
	objects = {

/* Begin PBXBuildFile section */
		C56BF26004EDC80CE164DB74 /* Pods_WF_Coding_Challenge.framework in Frameworks */ = {isa = PBXBuildFile; fileRef = 3928B71B59DB4431E9546727 /* Pods_WF_Coding_Challenge.framework */; };
		F43D489D1FBD125C0048B606 /* floatingTableViewCell.xib in Resources */ = {isa = PBXBuildFile; fileRef = F43D489C1FBD125C0048B606 /* floatingTableViewCell.xib */; };
		F43D489F1FBD15720048B606 /* ScheduleViewController.swift in Sources */ = {isa = PBXBuildFile; fileRef = F43D489E1FBD15720048B606 /* ScheduleViewController.swift */; };
		F4554C201FBCB7B800C0D343 /* AppDelegate.swift in Sources */ = {isa = PBXBuildFile; fileRef = F4554C1F1FBCB7B800C0D343 /* AppDelegate.swift */; };
		F4554C221FBCB7B800C0D343 /* NavigationVC.swift in Sources */ = {isa = PBXBuildFile; fileRef = F4554C211FBCB7B800C0D343 /* NavigationVC.swift */; };
		F4554C251FBCB7B800C0D343 /* Main.storyboard in Resources */ = {isa = PBXBuildFile; fileRef = F4554C231FBCB7B800C0D343 /* Main.storyboard */; };
		F4554C281FBCB7B800C0D343 /* WF_Coding_Challenge.xcdatamodeld in Sources */ = {isa = PBXBuildFile; fileRef = F4554C261FBCB7B800C0D343 /* WF_Coding_Challenge.xcdatamodeld */; };
		F4554C2A1FBCB7B800C0D343 /* Assets.xcassets in Resources */ = {isa = PBXBuildFile; fileRef = F4554C291FBCB7B800C0D343 /* Assets.xcassets */; };
		F4554C2D1FBCB7B800C0D343 /* LaunchScreen.storyboard in Resources */ = {isa = PBXBuildFile; fileRef = F4554C2B1FBCB7B800C0D343 /* LaunchScreen.storyboard */; };
		F4554C351FBCB84700C0D343 /* ReservationsVC.swift in Sources */ = {isa = PBXBuildFile; fileRef = F4554C341FBCB84700C0D343 /* ReservationsVC.swift */; };
		F4554C381FBCB9D800C0D343 /* ReservationTVCell.swift in Sources */ = {isa = PBXBuildFile; fileRef = F4554C361FBCB9D800C0D343 /* ReservationTVCell.swift */; };
		F4554C391FBCB9D800C0D343 /* ReservationTVCell.xib in Resources */ = {isa = PBXBuildFile; fileRef = F4554C371FBCB9D800C0D343 /* ReservationTVCell.xib */; };
		F4554C3D1FBCC2FD00C0D343 /* ReservationTVCellStruct.swift in Sources */ = {isa = PBXBuildFile; fileRef = F4554C3C1FBCC2FD00C0D343 /* ReservationTVCellStruct.swift */; };
		F46125EA1FBCEEE60080564B /* MothersDayVCViewController.swift in Sources */ = {isa = PBXBuildFile; fileRef = F46125E91FBCEEE50080564B /* MothersDayVCViewController.swift */; };
		F46125EC1FBCF5E30080564B /* DeepTissueVC.swift in Sources */ = {isa = PBXBuildFile; fileRef = F46125EB1FBCF5E30080564B /* DeepTissueVC.swift */; };
		F46125EE1FBCF5F10080564B /* HotStoneVC.swift in Sources */ = {isa = PBXBuildFile; fileRef = F46125ED1FBCF5F10080564B /* HotStoneVC.swift */; };
		F46125F31FBCFCAE0080564B /* floatingTableViewCell.swift in Sources */ = {isa = PBXBuildFile; fileRef = F46125F21FBCFCAE0080564B /* floatingTableViewCell.swift */; };
		F4D57FC91FBCE052005C68E7 /* SpaServiceVC.swift in Sources */ = {isa = PBXBuildFile; fileRef = F4D57FC71FBCE052005C68E7 /* SpaServiceVC.swift */; };
		F4D57FCC1FBCE13A005C68E7 /* SpaServicePageVC.swift in Sources */ = {isa = PBXBuildFile; fileRef = F4D57FCB1FBCE13A005C68E7 /* SpaServicePageVC.swift */; };
		F4D57FCE1FBCE15E005C68E7 /* SpaServiceTVC.swift in Sources */ = {isa = PBXBuildFile; fileRef = F4D57FCD1FBCE15E005C68E7 /* SpaServiceTVC.swift */; };
/* End PBXBuildFile section */

/* Begin PBXFileReference section */
		001289B68D2E89EC38D8592D /* Pods-WF_Coding_Challenge.release.xcconfig */ = {isa = PBXFileReference; includeInIndex = 1; lastKnownFileType = text.xcconfig; name = "Pods-WF_Coding_Challenge.release.xcconfig"; path = "Pods/Target Support Files/Pods-WF_Coding_Challenge/Pods-WF_Coding_Challenge.release.xcconfig"; sourceTree = "<group>"; };
		3928B71B59DB4431E9546727 /* Pods_WF_Coding_Challenge.framework */ = {isa = PBXFileReference; explicitFileType = wrapper.framework; includeInIndex = 0; path = Pods_WF_Coding_Challenge.framework; sourceTree = BUILT_PRODUCTS_DIR; };
		4408C5D026342ABD990FCB45 /* Pods-WF_Coding_Challenge.debug.xcconfig */ = {isa = PBXFileReference; includeInIndex = 1; lastKnownFileType = text.xcconfig; name = "Pods-WF_Coding_Challenge.debug.xcconfig"; path = "Pods/Target Support Files/Pods-WF_Coding_Challenge/Pods-WF_Coding_Challenge.debug.xcconfig"; sourceTree = "<group>"; };
		F43D489C1FBD125C0048B606 /* floatingTableViewCell.xib */ = {isa = PBXFileReference; fileEncoding = 4; lastKnownFileType = file.xib; path = floatingTableViewCell.xib; sourceTree = "<group>"; };
		F43D489E1FBD15720048B606 /* ScheduleViewController.swift */ = {isa = PBXFileReference; lastKnownFileType = sourcecode.swift; path = ScheduleViewController.swift; sourceTree = "<group>"; };
		F4554C1C1FBCB7B800C0D343 /* WF_Coding_Challenge.app */ = {isa = PBXFileReference; explicitFileType = wrapper.application; includeInIndex = 0; path = WF_Coding_Challenge.app; sourceTree = BUILT_PRODUCTS_DIR; };
		F4554C1F1FBCB7B800C0D343 /* AppDelegate.swift */ = {isa = PBXFileReference; lastKnownFileType = sourcecode.swift; path = AppDelegate.swift; sourceTree = "<group>"; };
		F4554C211FBCB7B800C0D343 /* NavigationVC.swift */ = {isa = PBXFileReference; lastKnownFileType = sourcecode.swift; path = NavigationVC.swift; sourceTree = "<group>"; };
		F4554C241FBCB7B800C0D343 /* Base */ = {isa = PBXFileReference; lastKnownFileType = file.storyboard; name = Base; path = Base.lproj/Main.storyboard; sourceTree = "<group>"; };
		F4554C271FBCB7B800C0D343 /* WF_Coding_Challenge.xcdatamodel */ = {isa = PBXFileReference; lastKnownFileType = wrapper.xcdatamodel; path = WF_Coding_Challenge.xcdatamodel; sourceTree = "<group>"; };
		F4554C291FBCB7B800C0D343 /* Assets.xcassets */ = {isa = PBXFileReference; lastKnownFileType = folder.assetcatalog; path = Assets.xcassets; sourceTree = "<group>"; };
		F4554C2C1FBCB7B800C0D343 /* Base */ = {isa = PBXFileReference; lastKnownFileType = file.storyboard; name = Base; path = Base.lproj/LaunchScreen.storyboard; sourceTree = "<group>"; };
		F4554C2E1FBCB7B800C0D343 /* Info.plist */ = {isa = PBXFileReference; lastKnownFileType = text.plist.xml; path = Info.plist; sourceTree = "<group>"; };
		F4554C341FBCB84700C0D343 /* ReservationsVC.swift */ = {isa = PBXFileReference; lastKnownFileType = sourcecode.swift; path = ReservationsVC.swift; sourceTree = "<group>"; };
		F4554C361FBCB9D800C0D343 /* ReservationTVCell.swift */ = {isa = PBXFileReference; lastKnownFileType = sourcecode.swift; path = ReservationTVCell.swift; sourceTree = "<group>"; };
		F4554C371FBCB9D800C0D343 /* ReservationTVCell.xib */ = {isa = PBXFileReference; lastKnownFileType = file.xib; path = ReservationTVCell.xib; sourceTree = "<group>"; };
		F4554C3C1FBCC2FD00C0D343 /* ReservationTVCellStruct.swift */ = {isa = PBXFileReference; lastKnownFileType = sourcecode.swift; path = ReservationTVCellStruct.swift; sourceTree = "<group>"; };
		F46125E91FBCEEE50080564B /* MothersDayVCViewController.swift */ = {isa = PBXFileReference; lastKnownFileType = sourcecode.swift; name = MothersDayVCViewController.swift; path = "/Users/sidverma/Desktop/WF_Coding_Challenge/WF_Coding_Challenge/WF_Coding_Challenge/Spa Service View Controllers/MothersDayVCViewController.swift"; sourceTree = "<absolute>"; };
		F46125EB1FBCF5E30080564B /* DeepTissueVC.swift */ = {isa = PBXFileReference; lastKnownFileType = sourcecode.swift; path = DeepTissueVC.swift; sourceTree = "<group>"; };
		F46125ED1FBCF5F10080564B /* HotStoneVC.swift */ = {isa = PBXFileReference; lastKnownFileType = sourcecode.swift; path = HotStoneVC.swift; sourceTree = "<group>"; };
		F46125F21FBCFCAE0080564B /* floatingTableViewCell.swift */ = {isa = PBXFileReference; lastKnownFileType = sourcecode.swift; path = floatingTableViewCell.swift; sourceTree = "<group>"; };
		F4D57FC71FBCE052005C68E7 /* SpaServiceVC.swift */ = {isa = PBXFileReference; lastKnownFileType = sourcecode.swift; path = SpaServiceVC.swift; sourceTree = "<group>"; };
		F4D57FCB1FBCE13A005C68E7 /* SpaServicePageVC.swift */ = {isa = PBXFileReference; lastKnownFileType = sourcecode.swift; path = SpaServicePageVC.swift; sourceTree = "<group>"; };
		F4D57FCD1FBCE15E005C68E7 /* SpaServiceTVC.swift */ = {isa = PBXFileReference; lastKnownFileType = sourcecode.swift; path = SpaServiceTVC.swift; sourceTree = "<group>"; };
/* End PBXFileReference section */

/* Begin PBXFrameworksBuildPhase section */
		F4554C191FBCB7B800C0D343 /* Frameworks */ = {
			isa = PBXFrameworksBuildPhase;
			buildActionMask = 2147483647;
			files = (
				C56BF26004EDC80CE164DB74 /* Pods_WF_Coding_Challenge.framework in Frameworks */,
			);
			runOnlyForDeploymentPostprocessing = 0;
		};
/* End PBXFrameworksBuildPhase section */

/* Begin PBXGroup section */
		4686E0438BE98339E8B353F4 /* Frameworks */ = {
			isa = PBXGroup;
			children = (
				3928B71B59DB4431E9546727 /* Pods_WF_Coding_Challenge.framework */,
			);
			name = Frameworks;
			sourceTree = "<group>";
		};
		B47160E343BA4E1E9264C11B /* Pods */ = {
			isa = PBXGroup;
			children = (
				4408C5D026342ABD990FCB45 /* Pods-WF_Coding_Challenge.debug.xcconfig */,
				001289B68D2E89EC38D8592D /* Pods-WF_Coding_Challenge.release.xcconfig */,
			);
			name = Pods;
			sourceTree = "<group>";
		};
		F4554C131FBCB7B800C0D343 = {
			isa = PBXGroup;
			children = (
				F4554C1E1FBCB7B800C0D343 /* WF_Coding_Challenge */,
				F4554C1D1FBCB7B800C0D343 /* Products */,
				B47160E343BA4E1E9264C11B /* Pods */,
				4686E0438BE98339E8B353F4 /* Frameworks */,
			);
			sourceTree = "<group>";
		};
		F4554C1D1FBCB7B800C0D343 /* Products */ = {
			isa = PBXGroup;
			children = (
				F4554C1C1FBCB7B800C0D343 /* WF_Coding_Challenge.app */,
			);
			name = Products;
			sourceTree = "<group>";
		};
		F4554C1E1FBCB7B800C0D343 /* WF_Coding_Challenge */ = {
			isa = PBXGroup;
			children = (
				F4554C1F1FBCB7B800C0D343 /* AppDelegate.swift */,
				F4D57FCF1FBCE20B005C68E7 /* Spa Service View Controllers */,
				F4554C3B1FBCBA1A00C0D343 /* Landing View Controllers */,
				F4554C3A1FBCBA0100C0D343 /* Reservation Cell */,
				F4554C231FBCB7B800C0D343 /* Main.storyboard */,
				F4554C291FBCB7B800C0D343 /* Assets.xcassets */,
				F4554C2B1FBCB7B800C0D343 /* LaunchScreen.storyboard */,
				F4554C2E1FBCB7B800C0D343 /* Info.plist */,
				F4554C261FBCB7B800C0D343 /* WF_Coding_Challenge.xcdatamodeld */,
			);
			path = WF_Coding_Challenge;
			sourceTree = "<group>";
		};
		F4554C3A1FBCBA0100C0D343 /* Reservation Cell */ = {
			isa = PBXGroup;
			children = (
				F4554C3C1FBCC2FD00C0D343 /* ReservationTVCellStruct.swift */,
				F4554C361FBCB9D800C0D343 /* ReservationTVCell.swift */,
				F4554C371FBCB9D800C0D343 /* ReservationTVCell.xib */,
			);
			path = "Reservation Cell";
			sourceTree = "<group>";
		};
		F4554C3B1FBCBA1A00C0D343 /* Landing View Controllers */ = {
			isa = PBXGroup;
			children = (
				F4554C211FBCB7B800C0D343 /* NavigationVC.swift */,
				F4554C341FBCB84700C0D343 /* ReservationsVC.swift */,
			);
			path = "Landing View Controllers";
			sourceTree = "<group>";
		};
		F4D57FCF1FBCE20B005C68E7 /* Spa Service View Controllers */ = {
			isa = PBXGroup;
			children = (
				F46125E91FBCEEE50080564B /* MothersDayVCViewController.swift */,
				F46125EB1FBCF5E30080564B /* DeepTissueVC.swift */,
				F46125ED1FBCF5F10080564B /* HotStoneVC.swift */,
				F4D57FCB1FBCE13A005C68E7 /* SpaServicePageVC.swift */,
				F4D57FC71FBCE052005C68E7 /* SpaServiceVC.swift */,
				F4D57FCD1FBCE15E005C68E7 /* SpaServiceTVC.swift */,
				F43D489E1FBD15720048B606 /* ScheduleViewController.swift */,
				F46125F21FBCFCAE0080564B /* floatingTableViewCell.swift */,
				F43D489C1FBD125C0048B606 /* floatingTableViewCell.xib */,
			);
			path = "Spa Service View Controllers";
			sourceTree = "<group>";
		};
/* End PBXGroup section */

/* Begin PBXNativeTarget section */
		F4554C1B1FBCB7B800C0D343 /* WF_Coding_Challenge */ = {
			isa = PBXNativeTarget;
			buildConfigurationList = F4554C311FBCB7B800C0D343 /* Build configuration list for PBXNativeTarget "WF_Coding_Challenge" */;
			buildPhases = (
				F5A75DAA34221D50C7D0BB20 /* [CP] Check Pods Manifest.lock */,
				F4554C181FBCB7B800C0D343 /* Sources */,
				F4554C191FBCB7B800C0D343 /* Frameworks */,
				F4554C1A1FBCB7B800C0D343 /* Resources */,
				5ABB46879B19BB91F474B060 /* [CP] Embed Pods Frameworks */,
				DF84C048CDAEB912C9718D96 /* [CP] Copy Pods Resources */,
			);
			buildRules = (
			);
			dependencies = (
			);
			name = WF_Coding_Challenge;
			productName = WF_Coding_Challenge;
			productReference = F4554C1C1FBCB7B800C0D343 /* WF_Coding_Challenge.app */;
			productType = "com.apple.product-type.application";
		};
/* End PBXNativeTarget section */

/* Begin PBXProject section */
		F4554C141FBCB7B800C0D343 /* Project object */ = {
			isa = PBXProject;
			attributes = {
				LastSwiftUpdateCheck = 0910;
				LastUpgradeCheck = 0910;
				ORGANIZATIONNAME = "Sid Verma";
				TargetAttributes = {
					F4554C1B1FBCB7B800C0D343 = {
						CreatedOnToolsVersion = 9.1;
						ProvisioningStyle = Automatic;
					};
				};
			};
			buildConfigurationList = F4554C171FBCB7B800C0D343 /* Build configuration list for PBXProject "WF_Coding_Challenge" */;
			compatibilityVersion = "Xcode 8.0";
			developmentRegion = en;
			hasScannedForEncodings = 0;
			knownRegions = (
				en,
				Base,
			);
			mainGroup = F4554C131FBCB7B800C0D343;
			productRefGroup = F4554C1D1FBCB7B800C0D343 /* Products */;
			projectDirPath = "";
			projectRoot = "";
			targets = (
				F4554C1B1FBCB7B800C0D343 /* WF_Coding_Challenge */,
			);
		};
/* End PBXProject section */

/* Begin PBXResourcesBuildPhase section */
		F4554C1A1FBCB7B800C0D343 /* Resources */ = {
			isa = PBXResourcesBuildPhase;
			buildActionMask = 2147483647;
			files = (
				F4554C2D1FBCB7B800C0D343 /* LaunchScreen.storyboard in Resources */,
				F4554C2A1FBCB7B800C0D343 /* Assets.xcassets in Resources */,
				F43D489D1FBD125C0048B606 /* floatingTableViewCell.xib in Resources */,
				F4554C391FBCB9D800C0D343 /* ReservationTVCell.xib in Resources */,
				F4554C251FBCB7B800C0D343 /* Main.storyboard in Resources */,
			);
			runOnlyForDeploymentPostprocessing = 0;
		};
/* End PBXResourcesBuildPhase section */

/* Begin PBXShellScriptBuildPhase section */
		5ABB46879B19BB91F474B060 /* [CP] Embed Pods Frameworks */ = {
			isa = PBXShellScriptBuildPhase;
			buildActionMask = 2147483647;
			files = (
			);
			inputPaths = (
				"${SRCROOT}/Pods/Target Support Files/Pods-WF_Coding_Challenge/Pods-WF_Coding_Challenge-frameworks.sh",
				"${BUILT_PRODUCTS_DIR}/HanekeSwift/Haneke.framework",
			);
			name = "[CP] Embed Pods Frameworks";
			outputPaths = (
				"${TARGET_BUILD_DIR}/${FRAMEWORKS_FOLDER_PATH}/Haneke.framework",
			);
			runOnlyForDeploymentPostprocessing = 0;
			shellPath = /bin/sh;
			shellScript = "\"${SRCROOT}/Pods/Target Support Files/Pods-WF_Coding_Challenge/Pods-WF_Coding_Challenge-frameworks.sh\"\n";
			showEnvVarsInLog = 0;
		};
		DF84C048CDAEB912C9718D96 /* [CP] Copy Pods Resources */ = {
			isa = PBXShellScriptBuildPhase;
			buildActionMask = 2147483647;
			files = (
			);
			inputPaths = (
			);
			name = "[CP] Copy Pods Resources";
			outputPaths = (
			);
			runOnlyForDeploymentPostprocessing = 0;
			shellPath = /bin/sh;
			shellScript = "\"${SRCROOT}/Pods/Target Support Files/Pods-WF_Coding_Challenge/Pods-WF_Coding_Challenge-resources.sh\"\n";
			showEnvVarsInLog = 0;
		};
		F5A75DAA34221D50C7D0BB20 /* [CP] Check Pods Manifest.lock */ = {
			isa = PBXShellScriptBuildPhase;
			buildActionMask = 2147483647;
			files = (
			);
			inputPaths = (
				"${PODS_PODFILE_DIR_PATH}/Podfile.lock",
				"${PODS_ROOT}/Manifest.lock",
			);
			name = "[CP] Check Pods Manifest.lock";
			outputPaths = (
				"$(DERIVED_FILE_DIR)/Pods-WF_Coding_Challenge-checkManifestLockResult.txt",
			);
			runOnlyForDeploymentPostprocessing = 0;
			shellPath = /bin/sh;
			shellScript = "diff \"${PODS_PODFILE_DIR_PATH}/Podfile.lock\" \"${PODS_ROOT}/Manifest.lock\" > /dev/null\nif [ $? != 0 ] ; then\n    # print error to STDERR\n    echo \"error: The sandbox is not in sync with the Podfile.lock. Run 'pod install' or update your CocoaPods installation.\" >&2\n    exit 1\nfi\n# This output is used by Xcode 'outputs' to avoid re-running this script phase.\necho \"SUCCESS\" > \"${SCRIPT_OUTPUT_FILE_0}\"\n";
			showEnvVarsInLog = 0;
		};
/* End PBXShellScriptBuildPhase section */

/* Begin PBXSourcesBuildPhase section */
		F4554C181FBCB7B800C0D343 /* Sources */ = {
			isa = PBXSourcesBuildPhase;
			buildActionMask = 2147483647;
			files = (
				F46125EC1FBCF5E30080564B /* DeepTissueVC.swift in Sources */,
				F4D57FC91FBCE052005C68E7 /* SpaServiceVC.swift in Sources */,
				F4554C281FBCB7B800C0D343 /* WF_Coding_Challenge.xcdatamodeld in Sources */,
				F4554C3D1FBCC2FD00C0D343 /* ReservationTVCellStruct.swift in Sources */,
				F4554C381FBCB9D800C0D343 /* ReservationTVCell.swift in Sources */,
				F43D489F1FBD15720048B606 /* ScheduleViewController.swift in Sources */,
				F46125EA1FBCEEE60080564B /* MothersDayVCViewController.swift in Sources */,
				F4D57FCE1FBCE15E005C68E7 /* SpaServiceTVC.swift in Sources */,
				F4D57FCC1FBCE13A005C68E7 /* SpaServicePageVC.swift in Sources */,
				F46125EE1FBCF5F10080564B /* HotStoneVC.swift in Sources */,
				F4554C351FBCB84700C0D343 /* ReservationsVC.swift in Sources */,
				F4554C221FBCB7B800C0D343 /* NavigationVC.swift in Sources */,
				F4554C201FBCB7B800C0D343 /* AppDelegate.swift in Sources */,
				F46125F31FBCFCAE0080564B /* floatingTableViewCell.swift in Sources */,
			);
			runOnlyForDeploymentPostprocessing = 0;
		};
/* End PBXSourcesBuildPhase section */

/* Begin PBXVariantGroup section */
		F4554C231FBCB7B800C0D343 /* Main.storyboard */ = {
			isa = PBXVariantGroup;
			children = (
				F4554C241FBCB7B800C0D343 /* Base */,
			);
			name = Main.storyboard;
			sourceTree = "<group>";
		};
		F4554C2B1FBCB7B800C0D343 /* LaunchScreen.storyboard */ = {
			isa = PBXVariantGroup;
			children = (
				F4554C2C1FBCB7B800C0D343 /* Base */,
			);
			name = LaunchScreen.storyboard;
			sourceTree = "<group>";
		};
/* End PBXVariantGroup section */

/* Begin XCBuildConfiguration section */
		F4554C2F1FBCB7B800C0D343 /* Debug */ = {
			isa = XCBuildConfiguration;
			buildSettings = {
				ALWAYS_SEARCH_USER_PATHS = NO;
				CLANG_ANALYZER_NONNULL = YES;
				CLANG_ANALYZER_NUMBER_OBJECT_CONVERSION = YES_AGGRESSIVE;
				CLANG_CXX_LANGUAGE_STANDARD = "gnu++14";
				CLANG_CXX_LIBRARY = "libc++";
				CLANG_ENABLE_MODULES = YES;
				CLANG_ENABLE_OBJC_ARC = YES;
				CLANG_WARN_BLOCK_CAPTURE_AUTORELEASING = YES;
				CLANG_WARN_BOOL_CONVERSION = YES;
				CLANG_WARN_COMMA = YES;
				CLANG_WARN_CONSTANT_CONVERSION = YES;
				CLANG_WARN_DIRECT_OBJC_ISA_USAGE = YES_ERROR;
				CLANG_WARN_DOCUMENTATION_COMMENTS = YES;
				CLANG_WARN_EMPTY_BODY = YES;
				CLANG_WARN_ENUM_CONVERSION = YES;
				CLANG_WARN_INFINITE_RECURSION = YES;
				CLANG_WARN_INT_CONVERSION = YES;
				CLANG_WARN_NON_LITERAL_NULL_CONVERSION = YES;
				CLANG_WARN_OBJC_LITERAL_CONVERSION = YES;
				CLANG_WARN_OBJC_ROOT_CLASS = YES_ERROR;
				CLANG_WARN_RANGE_LOOP_ANALYSIS = YES;
				CLANG_WARN_STRICT_PROTOTYPES = YES;
				CLANG_WARN_SUSPICIOUS_MOVE = YES;
				CLANG_WARN_UNGUARDED_AVAILABILITY = YES_AGGRESSIVE;
				CLANG_WARN_UNREACHABLE_CODE = YES;
				CLANG_WARN__DUPLICATE_METHOD_MATCH = YES;
				CODE_SIGN_IDENTITY = "iPhone Developer";
				COPY_PHASE_STRIP = NO;
				DEBUG_INFORMATION_FORMAT = dwarf;
				ENABLE_STRICT_OBJC_MSGSEND = YES;
				ENABLE_TESTABILITY = YES;
				GCC_C_LANGUAGE_STANDARD = gnu11;
				GCC_DYNAMIC_NO_PIC = NO;
				GCC_NO_COMMON_BLOCKS = YES;
				GCC_OPTIMIZATION_LEVEL = 0;
				GCC_PREPROCESSOR_DEFINITIONS = (
					"DEBUG=1",
					"$(inherited)",
				);
				GCC_WARN_64_TO_32_BIT_CONVERSION = YES;
				GCC_WARN_ABOUT_RETURN_TYPE = YES_ERROR;
				GCC_WARN_UNDECLARED_SELECTOR = YES;
				GCC_WARN_UNINITIALIZED_AUTOS = YES_AGGRESSIVE;
				GCC_WARN_UNUSED_FUNCTION = YES;
				GCC_WARN_UNUSED_VARIABLE = YES;
				IPHONEOS_DEPLOYMENT_TARGET = 11.1;
				MTL_ENABLE_DEBUG_INFO = YES;
				ONLY_ACTIVE_ARCH = YES;
				SDKROOT = iphoneos;
				SWIFT_ACTIVE_COMPILATION_CONDITIONS = DEBUG;
				SWIFT_OPTIMIZATION_LEVEL = "-Onone";
			};
			name = Debug;
		};
		F4554C301FBCB7B800C0D343 /* Release */ = {
			isa = XCBuildConfiguration;
			buildSettings = {
				ALWAYS_SEARCH_USER_PATHS = NO;
				CLANG_ANALYZER_NONNULL = YES;
				CLANG_ANALYZER_NUMBER_OBJECT_CONVERSION = YES_AGGRESSIVE;
				CLANG_CXX_LANGUAGE_STANDARD = "gnu++14";
				CLANG_CXX_LIBRARY = "libc++";
				CLANG_ENABLE_MODULES = YES;
				CLANG_ENABLE_OBJC_ARC = YES;
				CLANG_WARN_BLOCK_CAPTURE_AUTORELEASING = YES;
				CLANG_WARN_BOOL_CONVERSION = YES;
				CLANG_WARN_COMMA = YES;
				CLANG_WARN_CONSTANT_CONVERSION = YES;
				CLANG_WARN_DIRECT_OBJC_ISA_USAGE = YES_ERROR;
				CLANG_WARN_DOCUMENTATION_COMMENTS = YES;
				CLANG_WARN_EMPTY_BODY = YES;
				CLANG_WARN_ENUM_CONVERSION = YES;
				CLANG_WARN_INFINITE_RECURSION = YES;
				CLANG_WARN_INT_CONVERSION = YES;
				CLANG_WARN_NON_LITERAL_NULL_CONVERSION = YES;
				CLANG_WARN_OBJC_LITERAL_CONVERSION = YES;
				CLANG_WARN_OBJC_ROOT_CLASS = YES_ERROR;
				CLANG_WARN_RANGE_LOOP_ANALYSIS = YES;
				CLANG_WARN_STRICT_PROTOTYPES = YES;
				CLANG_WARN_SUSPICIOUS_MOVE = YES;
				CLANG_WARN_UNGUARDED_AVAILABILITY = YES_AGGRESSIVE;
				CLANG_WARN_UNREACHABLE_CODE = YES;
				CLANG_WARN__DUPLICATE_METHOD_MATCH = YES;
				CODE_SIGN_IDENTITY = "iPhone Developer";
				COPY_PHASE_STRIP = NO;
				DEBUG_INFORMATION_FORMAT = "dwarf-with-dsym";
				ENABLE_NS_ASSERTIONS = NO;
				ENABLE_STRICT_OBJC_MSGSEND = YES;
				GCC_C_LANGUAGE_STANDARD = gnu11;
				GCC_NO_COMMON_BLOCKS = YES;
				GCC_WARN_64_TO_32_BIT_CONVERSION = YES;
				GCC_WARN_ABOUT_RETURN_TYPE = YES_ERROR;
				GCC_WARN_UNDECLARED_SELECTOR = YES;
				GCC_WARN_UNINITIALIZED_AUTOS = YES_AGGRESSIVE;
				GCC_WARN_UNUSED_FUNCTION = YES;
				GCC_WARN_UNUSED_VARIABLE = YES;
				IPHONEOS_DEPLOYMENT_TARGET = 11.1;
				MTL_ENABLE_DEBUG_INFO = NO;
				SDKROOT = iphoneos;
				SWIFT_OPTIMIZATION_LEVEL = "-Owholemodule";
				VALIDATE_PRODUCT = YES;
			};
			name = Release;
		};
		F4554C321FBCB7B800C0D343 /* Debug */ = {
			isa = XCBuildConfiguration;
			baseConfigurationReference = 4408C5D026342ABD990FCB45 /* Pods-WF_Coding_Challenge.debug.xcconfig */;
			buildSettings = {
				ASSETCATALOG_COMPILER_APPICON_NAME = AppIcon;
				CODE_SIGN_STYLE = Automatic;
				DEVELOPMENT_TEAM = GCXUQDQ8B2;
				INFOPLIST_FILE = WF_Coding_Challenge/Info.plist;
				LD_RUNPATH_SEARCH_PATHS = "$(inherited) @executable_path/Frameworks";
				PRODUCT_BUNDLE_IDENTIFIER = "WF.WF-Coding-Challenge";
				PRODUCT_NAME = "$(TARGET_NAME)";
				SWIFT_VERSION = 3.0;
				TARGETED_DEVICE_FAMILY = "1,2";
			};
			name = Debug;
		};
		F4554C331FBCB7B800C0D343 /* Release */ = {
			isa = XCBuildConfiguration;
			baseConfigurationReference = 001289B68D2E89EC38D8592D /* Pods-WF_Coding_Challenge.release.xcconfig */;
			buildSettings = {
				ASSETCATALOG_COMPILER_APPICON_NAME = AppIcon;
				CODE_SIGN_STYLE = Automatic;
				DEVELOPMENT_TEAM = GCXUQDQ8B2;
				INFOPLIST_FILE = WF_Coding_Challenge/Info.plist;
				LD_RUNPATH_SEARCH_PATHS = "$(inherited) @executable_path/Frameworks";
				PRODUCT_BUNDLE_IDENTIFIER = "WF.WF-Coding-Challenge";
				PRODUCT_NAME = "$(TARGET_NAME)";
				SWIFT_VERSION = 3.0;
				TARGETED_DEVICE_FAMILY = "1,2";
			};
			name = Release;
		};
/* End XCBuildConfiguration section */

/* Begin XCConfigurationList section */
		F4554C171FBCB7B800C0D343 /* Build configuration list for PBXProject "WF_Coding_Challenge" */ = {
			isa = XCConfigurationList;
			buildConfigurations = (
				F4554C2F1FBCB7B800C0D343 /* Debug */,
				F4554C301FBCB7B800C0D343 /* Release */,
			);
			defaultConfigurationIsVisible = 0;
			defaultConfigurationName = Release;
		};
		F4554C311FBCB7B800C0D343 /* Build configuration list for PBXNativeTarget "WF_Coding_Challenge" */ = {
			isa = XCConfigurationList;
			buildConfigurations = (
				F4554C321FBCB7B800C0D343 /* Debug */,
				F4554C331FBCB7B800C0D343 /* Release */,
			);
			defaultConfigurationIsVisible = 0;
			defaultConfigurationName = Release;
		};
/* End XCConfigurationList section */

/* Begin XCVersionGroup section */
		F4554C261FBCB7B800C0D343 /* WF_Coding_Challenge.xcdatamodeld */ = {
			isa = XCVersionGroup;
			children = (
				F4554C271FBCB7B800C0D343 /* WF_Coding_Challenge.xcdatamodel */,
			);
			currentVersion = F4554C271FBCB7B800C0D343 /* WF_Coding_Challenge.xcdatamodel */;
			path = WF_Coding_Challenge.xcdatamodeld;
			sourceTree = "<group>";
			versionGroupType = wrapper.xcdatamodel;
		};
/* End XCVersionGroup section */
	};
	rootObject = F4554C141FBCB7B800C0D343 /* Project object */;
}
